
Microsoft Visual Studio Solution File, Format Version 12.00
# Visual Studio 14
VisualStudioVersion = 14.0.25420.1
MinimumVisualStudioVersion = 10.0.40219.1
Project("{FAE04EC0-301F-11D3-BF4B-00C04F79EFBC}") = "WebApplication1", "WebApplication1\WebApplication1.csproj", "{283D4832-18BC-4D2D-B541-3969B88CB1A6}"
EndProject
Project("{FAE04EC0-301F-11D3-BF4B-00C04F79EFBC}") = "WebApplication2", "WebApplication2\WebApplication2.csproj", "{946B1593-4B97-4678-B041-1739FBE3E9EA}"
EndProject
Project("{FAE04EC0-301F-11D3-BF4B-00C04F79EFBC}") = "ConsoleApplication1", "ConsoleApplication1\ConsoleApplication1.csproj", "{CF5C885B-6A54-40EE-A304-832DA88182EA}"
EndProject
Global
	GlobalSection(SolutionConfigurationPlatforms) = preSolution
		Debug|Any CPU = Debug|Any CPU
		Release|Any CPU = Release|Any CPU
	EndGlobalSection
	GlobalSection(ProjectConfigurationPlatforms) = postSolution
		{283D4832-18BC-4D2D-B541-3969B88CB1A6}.Debug|Any CPU.ActiveCfg = Debug|Any CPU
		{283D4832-18BC-4D2D-B541-3969B88CB1A6}.Debug|Any CPU.Build.0 = Debug|Any CPU
		{283D4832-18BC-4D2D-B541-3969B88CB1A6}.Release|Any CPU.ActiveCfg = Release|Any CPU
		{283D4832-18BC-4D2D-B541-3969B88CB1A6}.Release|Any CPU.Build.0 = Release|Any CPU
		{946B1593-4B97-4678-B041-1739FBE3E9EA}.Debug|Any CPU.ActiveCfg = Debug|Any CPU
		{946B1593-4B97-4678-B041-1739FBE3E9EA}.Debug|Any CPU.Build.0 = Debug|Any CPU
		{946B1593-4B97-4678-B041-1739FBE3E9EA}.Release|Any CPU.ActiveCfg = Release|Any CPU
		{946B1593-4B97-4678-B041-1739FBE3E9EA}.Release|Any CPU.Build.0 = Release|Any CPU
		{CF5C885B-6A54-40EE-A304-832DA88182EA}.Debug|Any CPU.ActiveCfg = Debug|Any CPU
		{CF5C885B-6A54-40EE-A304-832DA88182EA}.Debug|Any CPU.Build.0 = Debug|Any CPU
		{CF5C885B-6A54-40EE-A304-832DA88182EA}.Release|Any CPU.ActiveCfg = Release|Any CPU
		{CF5C885B-6A54-40EE-A304-832DA88182EA}.Release|Any CPU.Build.0 = Release|Any CPU
	EndGlobalSection
	GlobalSection(SolutionProperties) = preSolution
		HideSolutionNode = FALSE
	EndGlobalSection
EndGlobal
