
Microsoft Visual Studio Solution File, Format Version 12.00
# Visual Studio 14
VisualStudioVersion = 14.0.25420.1
MinimumVisualStudioVersion = 10.0.40219.1
Project("{FAE04EC0-301F-11D3-BF4B-00C04F79EFBC}") = "FluentAPI1", "FluentAPI1\FluentAPI1.csproj", "{B0AF16BE-054F-434B-8B45-ADFDF13BA477}"
EndProject
Project("{FAE04EC0-301F-11D3-BF4B-00C04F79EFBC}") = "FluentAPI2多对多", "FluentAPI2多对多\FluentAPI2多对多.csproj", "{42466B45-644B-42C0-B11D-49371138855C}"
EndProject
Global
	GlobalSection(SolutionConfigurationPlatforms) = preSolution
		Debug|Any CPU = Debug|Any CPU
		Release|Any CPU = Release|Any CPU
	EndGlobalSection
	GlobalSection(ProjectConfigurationPlatforms) = postSolution
		{B0AF16BE-054F-434B-8B45-ADFDF13BA477}.Debug|Any CPU.ActiveCfg = Debug|Any CPU
		{B0AF16BE-054F-434B-8B45-ADFDF13BA477}.Debug|Any CPU.Build.0 = Debug|Any CPU
		{B0AF16BE-054F-434B-8B45-ADFDF13BA477}.Release|Any CPU.ActiveCfg = Release|Any CPU
		{B0AF16BE-054F-434B-8B45-ADFDF13BA477}.Release|Any CPU.Build.0 = Release|Any CPU
		{42466B45-644B-42C0-B11D-49371138855C}.Debug|Any CPU.ActiveCfg = Debug|Any CPU
		{42466B45-644B-42C0-B11D-49371138855C}.Debug|Any CPU.Build.0 = Debug|Any CPU
		{42466B45-644B-42C0-B11D-49371138855C}.Release|Any CPU.ActiveCfg = Release|Any CPU
		{42466B45-644B-42C0-B11D-49371138855C}.Release|Any CPU.Build.0 = Release|Any CPU
	EndGlobalSection
	GlobalSection(SolutionProperties) = preSolution
		HideSolutionNode = FALSE
	EndGlobalSection
EndGlobal
