
Microsoft Visual Studio Solution File, Format Version 12.00
# Visual Studio 14
VisualStudioVersion = 14.0.25420.1
MinimumVisualStudioVersion = 10.0.40219.1
Project("{FAE04EC0-301F-11D3-BF4B-00C04F79EFBC}") = "ZSZ.Common", "ZSZ.Common\ZSZ.Common.csproj", "{57D32A32-2D9C-4905-83FF-845AFBDB6EEE}"
EndProject
Project("{FAE04EC0-301F-11D3-BF4B-00C04F79EFBC}") = "ZSZ.Tests", "ZSZ.Tests\ZSZ.Tests.csproj", "{717E058A-CAC7-48B6-B471-6B019F4F014C}"
EndProject
Project("{FAE04EC0-301F-11D3-BF4B-00C04F79EFBC}") = "WebApplication1", "WebApplication1\WebApplication1.csproj", "{0FC14F00-D905-461F-A6D2-CE5DEE42BF19}"
EndProject
Project("{FAE04EC0-301F-11D3-BF4B-00C04F79EFBC}") = "MyIBLL", "MyIBLL\MyIBLL.csproj", "{D2BE0704-FD12-4C60-9D8B-936C6AB3BFF5}"
EndProject
Project("{FAE04EC0-301F-11D3-BF4B-00C04F79EFBC}") = "MyBllImpl", "MyBllImpl\MyBllImpl.csproj", "{82CE2AB8-8532-4D4F-B3BE-3F5CE1D41994}"
EndProject
Project("{2150E333-8FDC-42A3-9474-1A3956D46DE8}") = "tests", "tests", "{1B6B514C-0801-4AF0-AF5E-6720CC7B7787}"
EndProject
Project("{FAE04EC0-301F-11D3-BF4B-00C04F79EFBC}") = "WebApplication2", "WebApplication2\WebApplication2.csproj", "{7000E6B7-0B19-4C30-9AE5-57FD0FC5904C}"
EndProject
Project("{FAE04EC0-301F-11D3-BF4B-00C04F79EFBC}") = "TestIService", "TestIService\TestIService.csproj", "{2221956F-9750-4BCA-AC1A-801FAFABA26C}"
EndProject
Project("{FAE04EC0-301F-11D3-BF4B-00C04F79EFBC}") = "TestService", "TestService\TestService.csproj", "{C8B80F46-DEA8-4C6D-B65E-E8424DB7529A}"
EndProject
Project("{FAE04EC0-301F-11D3-BF4B-00C04F79EFBC}") = "ZSZ.CommonMVC", "ZSZ.CommonMVC\ZSZ.CommonMVC.csproj", "{6CD125C4-9BB9-44B2-8FC7-F0623E486F3D}"
EndProject
Project("{2150E333-8FDC-42A3-9474-1A3956D46DE8}") = "unittest", "unittest", "{F477DD18-8048-4C84-8F9A-3D10A6202ED4}"
EndProject
Project("{FAE04EC0-301F-11D3-BF4B-00C04F79EFBC}") = "Calc", "Calc\Calc.csproj", "{B2C279BE-2FC8-4905-862B-35C18A1E61E0}"
EndProject
Project("{FAE04EC0-301F-11D3-BF4B-00C04F79EFBC}") = "UnitTestProject1", "UnitTestProject1\UnitTestProject1.csproj", "{905A4C54-C2FB-4C9D-89B3-CC4D825A5EE6}"
EndProject
Project("{FAE04EC0-301F-11D3-BF4B-00C04F79EFBC}") = "ZSZ.Service", "ZSZ.Service\ZSZ.Service.csproj", "{DD58D117-298A-4E4C-A913-1BC5691B0FD5}"
EndProject
Project("{FAE04EC0-301F-11D3-BF4B-00C04F79EFBC}") = "ZSZ.IService", "ZSZ.IService\ZSZ.IService.csproj", "{139B27C4-BE72-4630-933A-937A2A98C819}"
EndProject
Project("{FAE04EC0-301F-11D3-BF4B-00C04F79EFBC}") = "ZSZ.DTO", "ZSZ.DTO\ZSZ.DTO.csproj", "{941A4A63-44B8-45EA-90FC-74C26BA2C0E4}"
EndProject
Project("{FAE04EC0-301F-11D3-BF4B-00C04F79EFBC}") = "ZSZ.AdminWeb", "ZSZ.AdminWeb\ZSZ.AdminWeb.csproj", "{CD2C223C-AB61-4860-B651-A8DD4139D8D8}"
EndProject
Project("{FAE04EC0-301F-11D3-BF4B-00C04F79EFBC}") = "ZSZ.FrontWeb", "ZSZ.FrontWeb\ZSZ.FrontWeb.csproj", "{75DB45CF-DEE9-44C2-97C0-960D42292FD8}"
EndProject
Project("{FAE04EC0-301F-11D3-BF4B-00C04F79EFBC}") = "ServiceTests", "ServiceTests\ServiceTests.csproj", "{F257B936-036B-45BB-B374-913FB8720ADB}"
EndProject
Project("{FAE04EC0-301F-11D3-BF4B-00C04F79EFBC}") = "锁", "锁\锁.csproj", "{88F28EEC-826F-4925-B673-44C639D628C6}"
EndProject
Project("{FAE04EC0-301F-11D3-BF4B-00C04F79EFBC}") = "QiNiuTest", "QiNiuTest\QiNiuTest.csproj", "{AA3B9439-3F86-40E6-827E-69BBA3945A4D}"
EndProject
Project("{FAE04EC0-301F-11D3-BF4B-00C04F79EFBC}") = "memcachedtest", "memcachedtest\memcachedtest.csproj", "{7F587D12-0105-468A-9781-26CD63B52B4C}"
EndProject
Project("{FAE04EC0-301F-11D3-BF4B-00C04F79EFBC}") = "redistest", "redistest\redistest.csproj", "{BC94576A-9E6B-4FC9-A83C-095A50EBA4DB}"
EndProject
Project("{FAE04EC0-301F-11D3-BF4B-00C04F79EFBC}") = "viewrendertest", "viewrendertest\viewrendertest.csproj", "{0E43A0F3-3D8E-4DCB-8C00-32102FC31A3C}"
EndProject
Project("{FAE04EC0-301F-11D3-BF4B-00C04F79EFBC}") = "estest1", "estest1\estest1.csproj", "{F3CD8B46-371A-48DC-9694-F31A8B490418}"
EndProject
Project("{FAE04EC0-301F-11D3-BF4B-00C04F79EFBC}") = "modelbinder1", "modelbinder1\modelbinder1.csproj", "{B9C8FB5E-8F48-4B57-A4EE-5B7F389507A7}"
EndProject
Global
	GlobalSection(SolutionConfigurationPlatforms) = preSolution
		Debug|Any CPU = Debug|Any CPU
		Release|Any CPU = Release|Any CPU
	EndGlobalSection
	GlobalSection(ProjectConfigurationPlatforms) = postSolution
		{57D32A32-2D9C-4905-83FF-845AFBDB6EEE}.Debug|Any CPU.ActiveCfg = Debug|Any CPU
		{57D32A32-2D9C-4905-83FF-845AFBDB6EEE}.Debug|Any CPU.Build.0 = Debug|Any CPU
		{57D32A32-2D9C-4905-83FF-845AFBDB6EEE}.Release|Any CPU.ActiveCfg = Release|Any CPU
		{57D32A32-2D9C-4905-83FF-845AFBDB6EEE}.Release|Any CPU.Build.0 = Release|Any CPU
		{717E058A-CAC7-48B6-B471-6B019F4F014C}.Debug|Any CPU.ActiveCfg = Debug|Any CPU
		{717E058A-CAC7-48B6-B471-6B019F4F014C}.Debug|Any CPU.Build.0 = Debug|Any CPU
		{717E058A-CAC7-48B6-B471-6B019F4F014C}.Release|Any CPU.ActiveCfg = Release|Any CPU
		{717E058A-CAC7-48B6-B471-6B019F4F014C}.Release|Any CPU.Build.0 = Release|Any CPU
		{0FC14F00-D905-461F-A6D2-CE5DEE42BF19}.Debug|Any CPU.ActiveCfg = Debug|Any CPU
		{0FC14F00-D905-461F-A6D2-CE5DEE42BF19}.Debug|Any CPU.Build.0 = Debug|Any CPU
		{0FC14F00-D905-461F-A6D2-CE5DEE42BF19}.Release|Any CPU.ActiveCfg = Release|Any CPU
		{0FC14F00-D905-461F-A6D2-CE5DEE42BF19}.Release|Any CPU.Build.0 = Release|Any CPU
		{D2BE0704-FD12-4C60-9D8B-936C6AB3BFF5}.Debug|Any CPU.ActiveCfg = Debug|Any CPU
		{D2BE0704-FD12-4C60-9D8B-936C6AB3BFF5}.Debug|Any CPU.Build.0 = Debug|Any CPU
		{D2BE0704-FD12-4C60-9D8B-936C6AB3BFF5}.Release|Any CPU.ActiveCfg = Release|Any CPU
		{D2BE0704-FD12-4C60-9D8B-936C6AB3BFF5}.Release|Any CPU.Build.0 = Release|Any CPU
		{82CE2AB8-8532-4D4F-B3BE-3F5CE1D41994}.Debug|Any CPU.ActiveCfg = Debug|Any CPU
		{82CE2AB8-8532-4D4F-B3BE-3F5CE1D41994}.Debug|Any CPU.Build.0 = Debug|Any CPU
		{82CE2AB8-8532-4D4F-B3BE-3F5CE1D41994}.Release|Any CPU.ActiveCfg = Release|Any CPU
		{82CE2AB8-8532-4D4F-B3BE-3F5CE1D41994}.Release|Any CPU.Build.0 = Release|Any CPU
		{7000E6B7-0B19-4C30-9AE5-57FD0FC5904C}.Debug|Any CPU.ActiveCfg = Debug|Any CPU
		{7000E6B7-0B19-4C30-9AE5-57FD0FC5904C}.Debug|Any CPU.Build.0 = Debug|Any CPU
		{7000E6B7-0B19-4C30-9AE5-57FD0FC5904C}.Release|Any CPU.ActiveCfg = Release|Any CPU
		{7000E6B7-0B19-4C30-9AE5-57FD0FC5904C}.Release|Any CPU.Build.0 = Release|Any CPU
		{2221956F-9750-4BCA-AC1A-801FAFABA26C}.Debug|Any CPU.ActiveCfg = Debug|Any CPU
		{2221956F-9750-4BCA-AC1A-801FAFABA26C}.Debug|Any CPU.Build.0 = Debug|Any CPU
		{2221956F-9750-4BCA-AC1A-801FAFABA26C}.Release|Any CPU.ActiveCfg = Release|Any CPU
		{2221956F-9750-4BCA-AC1A-801FAFABA26C}.Release|Any CPU.Build.0 = Release|Any CPU
		{C8B80F46-DEA8-4C6D-B65E-E8424DB7529A}.Debug|Any CPU.ActiveCfg = Debug|Any CPU
		{C8B80F46-DEA8-4C6D-B65E-E8424DB7529A}.Debug|Any CPU.Build.0 = Debug|Any CPU
		{C8B80F46-DEA8-4C6D-B65E-E8424DB7529A}.Release|Any CPU.ActiveCfg = Release|Any CPU
		{C8B80F46-DEA8-4C6D-B65E-E8424DB7529A}.Release|Any CPU.Build.0 = Release|Any CPU
		{6CD125C4-9BB9-44B2-8FC7-F0623E486F3D}.Debug|Any CPU.ActiveCfg = Debug|Any CPU
		{6CD125C4-9BB9-44B2-8FC7-F0623E486F3D}.Debug|Any CPU.Build.0 = Debug|Any CPU
		{6CD125C4-9BB9-44B2-8FC7-F0623E486F3D}.Release|Any CPU.ActiveCfg = Release|Any CPU
		{6CD125C4-9BB9-44B2-8FC7-F0623E486F3D}.Release|Any CPU.Build.0 = Release|Any CPU
		{B2C279BE-2FC8-4905-862B-35C18A1E61E0}.Debug|Any CPU.ActiveCfg = Debug|Any CPU
		{B2C279BE-2FC8-4905-862B-35C18A1E61E0}.Debug|Any CPU.Build.0 = Debug|Any CPU
		{B2C279BE-2FC8-4905-862B-35C18A1E61E0}.Release|Any CPU.ActiveCfg = Release|Any CPU
		{B2C279BE-2FC8-4905-862B-35C18A1E61E0}.Release|Any CPU.Build.0 = Release|Any CPU
		{905A4C54-C2FB-4C9D-89B3-CC4D825A5EE6}.Debug|Any CPU.ActiveCfg = Debug|Any CPU
		{905A4C54-C2FB-4C9D-89B3-CC4D825A5EE6}.Debug|Any CPU.Build.0 = Debug|Any CPU
		{905A4C54-C2FB-4C9D-89B3-CC4D825A5EE6}.Release|Any CPU.ActiveCfg = Release|Any CPU
		{905A4C54-C2FB-4C9D-89B3-CC4D825A5EE6}.Release|Any CPU.Build.0 = Release|Any CPU
		{DD58D117-298A-4E4C-A913-1BC5691B0FD5}.Debug|Any CPU.ActiveCfg = Debug|Any CPU
		{DD58D117-298A-4E4C-A913-1BC5691B0FD5}.Debug|Any CPU.Build.0 = Debug|Any CPU
		{DD58D117-298A-4E4C-A913-1BC5691B0FD5}.Release|Any CPU.ActiveCfg = Release|Any CPU
		{DD58D117-298A-4E4C-A913-1BC5691B0FD5}.Release|Any CPU.Build.0 = Release|Any CPU
		{139B27C4-BE72-4630-933A-937A2A98C819}.Debug|Any CPU.ActiveCfg = Debug|Any CPU
		{139B27C4-BE72-4630-933A-937A2A98C819}.Debug|Any CPU.Build.0 = Debug|Any CPU
		{139B27C4-BE72-4630-933A-937A2A98C819}.Release|Any CPU.ActiveCfg = Release|Any CPU
		{139B27C4-BE72-4630-933A-937A2A98C819}.Release|Any CPU.Build.0 = Release|Any CPU
		{941A4A63-44B8-45EA-90FC-74C26BA2C0E4}.Debug|Any CPU.ActiveCfg = Debug|Any CPU
		{941A4A63-44B8-45EA-90FC-74C26BA2C0E4}.Debug|Any CPU.Build.0 = Debug|Any CPU
		{941A4A63-44B8-45EA-90FC-74C26BA2C0E4}.Release|Any CPU.ActiveCfg = Release|Any CPU
		{941A4A63-44B8-45EA-90FC-74C26BA2C0E4}.Release|Any CPU.Build.0 = Release|Any CPU
		{CD2C223C-AB61-4860-B651-A8DD4139D8D8}.Debug|Any CPU.ActiveCfg = Debug|Any CPU
		{CD2C223C-AB61-4860-B651-A8DD4139D8D8}.Debug|Any CPU.Build.0 = Debug|Any CPU
		{CD2C223C-AB61-4860-B651-A8DD4139D8D8}.Release|Any CPU.ActiveCfg = Release|Any CPU
		{CD2C223C-AB61-4860-B651-A8DD4139D8D8}.Release|Any CPU.Build.0 = Release|Any CPU
		{75DB45CF-DEE9-44C2-97C0-960D42292FD8}.Debug|Any CPU.ActiveCfg = Debug|Any CPU
		{75DB45CF-DEE9-44C2-97C0-960D42292FD8}.Debug|Any CPU.Build.0 = Debug|Any CPU
		{75DB45CF-DEE9-44C2-97C0-960D42292FD8}.Release|Any CPU.ActiveCfg = Release|Any CPU
		{75DB45CF-DEE9-44C2-97C0-960D42292FD8}.Release|Any CPU.Build.0 = Release|Any CPU
		{F257B936-036B-45BB-B374-913FB8720ADB}.Debug|Any CPU.ActiveCfg = Debug|Any CPU
		{F257B936-036B-45BB-B374-913FB8720ADB}.Debug|Any CPU.Build.0 = Debug|Any CPU
		{F257B936-036B-45BB-B374-913FB8720ADB}.Release|Any CPU.ActiveCfg = Release|Any CPU
		{F257B936-036B-45BB-B374-913FB8720ADB}.Release|Any CPU.Build.0 = Release|Any CPU
		{88F28EEC-826F-4925-B673-44C639D628C6}.Debug|Any CPU.ActiveCfg = Debug|Any CPU
		{88F28EEC-826F-4925-B673-44C639D628C6}.Debug|Any CPU.Build.0 = Debug|Any CPU
		{88F28EEC-826F-4925-B673-44C639D628C6}.Release|Any CPU.ActiveCfg = Release|Any CPU
		{88F28EEC-826F-4925-B673-44C639D628C6}.Release|Any CPU.Build.0 = Release|Any CPU
		{AA3B9439-3F86-40E6-827E-69BBA3945A4D}.Debug|Any CPU.ActiveCfg = Debug|Any CPU
		{AA3B9439-3F86-40E6-827E-69BBA3945A4D}.Debug|Any CPU.Build.0 = Debug|Any CPU
		{AA3B9439-3F86-40E6-827E-69BBA3945A4D}.Release|Any CPU.ActiveCfg = Release|Any CPU
		{AA3B9439-3F86-40E6-827E-69BBA3945A4D}.Release|Any CPU.Build.0 = Release|Any CPU
		{7F587D12-0105-468A-9781-26CD63B52B4C}.Debug|Any CPU.ActiveCfg = Debug|Any CPU
		{7F587D12-0105-468A-9781-26CD63B52B4C}.Debug|Any CPU.Build.0 = Debug|Any CPU
		{7F587D12-0105-468A-9781-26CD63B52B4C}.Release|Any CPU.ActiveCfg = Release|Any CPU
		{7F587D12-0105-468A-9781-26CD63B52B4C}.Release|Any CPU.Build.0 = Release|Any CPU
		{BC94576A-9E6B-4FC9-A83C-095A50EBA4DB}.Debug|Any CPU.ActiveCfg = Debug|Any CPU
		{BC94576A-9E6B-4FC9-A83C-095A50EBA4DB}.Debug|Any CPU.Build.0 = Debug|Any CPU
		{BC94576A-9E6B-4FC9-A83C-095A50EBA4DB}.Release|Any CPU.ActiveCfg = Release|Any CPU
		{BC94576A-9E6B-4FC9-A83C-095A50EBA4DB}.Release|Any CPU.Build.0 = Release|Any CPU
		{0E43A0F3-3D8E-4DCB-8C00-32102FC31A3C}.Debug|Any CPU.ActiveCfg = Debug|Any CPU
		{0E43A0F3-3D8E-4DCB-8C00-32102FC31A3C}.Debug|Any CPU.Build.0 = Debug|Any CPU
		{0E43A0F3-3D8E-4DCB-8C00-32102FC31A3C}.Release|Any CPU.ActiveCfg = Release|Any CPU
		{0E43A0F3-3D8E-4DCB-8C00-32102FC31A3C}.Release|Any CPU.Build.0 = Release|Any CPU
		{F3CD8B46-371A-48DC-9694-F31A8B490418}.Debug|Any CPU.ActiveCfg = Debug|Any CPU
		{F3CD8B46-371A-48DC-9694-F31A8B490418}.Debug|Any CPU.Build.0 = Debug|Any CPU
		{F3CD8B46-371A-48DC-9694-F31A8B490418}.Release|Any CPU.ActiveCfg = Release|Any CPU
		{F3CD8B46-371A-48DC-9694-F31A8B490418}.Release|Any CPU.Build.0 = Release|Any CPU
		{B9C8FB5E-8F48-4B57-A4EE-5B7F389507A7}.Debug|Any CPU.ActiveCfg = Debug|Any CPU
		{B9C8FB5E-8F48-4B57-A4EE-5B7F389507A7}.Debug|Any CPU.Build.0 = Debug|Any CPU
		{B9C8FB5E-8F48-4B57-A4EE-5B7F389507A7}.Release|Any CPU.ActiveCfg = Release|Any CPU
		{B9C8FB5E-8F48-4B57-A4EE-5B7F389507A7}.Release|Any CPU.Build.0 = Release|Any CPU
	EndGlobalSection
	GlobalSection(SolutionProperties) = preSolution
		HideSolutionNode = FALSE
	EndGlobalSection
	GlobalSection(NestedProjects) = preSolution
		{7000E6B7-0B19-4C30-9AE5-57FD0FC5904C} = {1B6B514C-0801-4AF0-AF5E-6720CC7B7787}
		{2221956F-9750-4BCA-AC1A-801FAFABA26C} = {1B6B514C-0801-4AF0-AF5E-6720CC7B7787}
		{C8B80F46-DEA8-4C6D-B65E-E8424DB7529A} = {1B6B514C-0801-4AF0-AF5E-6720CC7B7787}
		{B2C279BE-2FC8-4905-862B-35C18A1E61E0} = {F477DD18-8048-4C84-8F9A-3D10A6202ED4}
		{905A4C54-C2FB-4C9D-89B3-CC4D825A5EE6} = {F477DD18-8048-4C84-8F9A-3D10A6202ED4}
		{F257B936-036B-45BB-B374-913FB8720ADB} = {F477DD18-8048-4C84-8F9A-3D10A6202ED4}
		{88F28EEC-826F-4925-B673-44C639D628C6} = {1B6B514C-0801-4AF0-AF5E-6720CC7B7787}
		{AA3B9439-3F86-40E6-827E-69BBA3945A4D} = {1B6B514C-0801-4AF0-AF5E-6720CC7B7787}
		{7F587D12-0105-468A-9781-26CD63B52B4C} = {1B6B514C-0801-4AF0-AF5E-6720CC7B7787}
		{BC94576A-9E6B-4FC9-A83C-095A50EBA4DB} = {1B6B514C-0801-4AF0-AF5E-6720CC7B7787}
		{0E43A0F3-3D8E-4DCB-8C00-32102FC31A3C} = {1B6B514C-0801-4AF0-AF5E-6720CC7B7787}
		{F3CD8B46-371A-48DC-9694-F31A8B490418} = {1B6B514C-0801-4AF0-AF5E-6720CC7B7787}
		{B9C8FB5E-8F48-4B57-A4EE-5B7F389507A7} = {1B6B514C-0801-4AF0-AF5E-6720CC7B7787}
	EndGlobalSection
EndGlobal
